Microsoft Visual Studio Solution File, Format Version 12.00
# Visual Studio 15
VisualStudioVersion = 15.0.26124.0
MinimumVisualStudioVersion = 15.0.26124.0
Project("{4F7B5412-A259-455F-AE57-A9342D7F40B5}") = "Menu.Client", "Client\Menu.Client.csproj", "{BA7B5368-0178-420D-968A-3CA8118B34F1}"
EndProject
Project("{4F7B5412-A259-455F-AE57-A9342D7F40B5}") = "Menu.Server", "Server\Menu.Server.csproj", "{AE710714-4383-4420-813D-6842DE2B4EEF}"
EndProject
Global
  GlobalSection(SolutionConfigurationPlatforms) = preSolution
    Debug|Any CPU = Debug|Any CPU
    Release|Any CPU = Release|Any CPU
  EndGlobalSection
  GlobalSection(SolutionProperties) = preSolution
    HideSolutionNode = FALSE
  EndGlobalSection
  GlobalSection(ProjectConfigurationPlatforms) = postSolution
    {BA7B5368-0178-420D-968A-3CA8118B34F1}.Debug|Any CPU.ActiveCfg = Debug|Any CPU
    {BA7B5368-0178-420D-968A-3CA8118B34F1}.Debug|Any CPU.Build.0 = Debug|Any CPU
    {BA7B5368-0178-420D-968A-3CA8118B34F1}.Release|Any CPU.ActiveCfg = Release|Any CPU
    {BA7B5368-0178-420D-968A-3CA8118B34F1}.Release|Any CPU.Build.0 = Release|Any CPU
    {AE710714-4383-4420-813D-6842DE2B4EEF}.Debug|Any CPU.ActiveCfg = Debug|Any CPU
    {AE710714-4383-4420-813D-6842DE2B4EEF}.Debug|Any CPU.Build.0 = Debug|Any CPU
    {AE710714-4383-4420-813D-6842DE2B4EEF}.Release|Any CPU.ActiveCfg = Release|Any CPU
    {AE710714-4383-4420-813D-6842DE2B4EEF}.Release|Any CPU.Build.0 = Release|Any CPU
  EndGlobalSection
EndGlobal
